<?xml version="1.0" encoding="utf-8"?>
<Project ToolsVersion="4.0" xmlns="http://schemas.microsoft.com/developer/msbuild/2003">
  <ItemGroup>
    <ClInclude Include="ufmod.h" />
  </ItemGroup>
  <ItemGroup>
    <Object Include="ufmod.obj" />
  </ItemGroup>
  <ItemGroup>
    <ClCompile Include="lsxmp.cpp" />
  </ItemGroup>
  <ItemGroup>
    <ResourceCompile Include="lsxmp.rc" />
  </ItemGroup>
</Project>